<?xml version="1.0" encoding="utf-8"?>
<Project ToolsVersion="16.0" xmlns="http://schemas.microsoft.com/developer/msbuild/2003">
  <ItemGroup>
    <CustomBuild Include="C:\Users\tgabo\Desktop\repos\MyVulkanEngine\CMakeFiles\2567124d297ffbdad48d409c855cd622\INSTALL_force.rule">
      <Filter>CMake Rules</Filter>
    </CustomBuild>
  </ItemGroup>
  <ItemGroup>
    <Filter Include="CMake Rules">
      <UniqueIdentifier>{19524BC6-B264-38E2-9A1F-F047FA967109}</UniqueIdentifier>
    </Filter>
  </ItemGroup>
</Project>
