<?xml version="1.0" encoding="utf-8"?>
<Project ToolsVersion="16.0" xmlns="http://schemas.microsoft.com/developer/msbuild/2003">
  <ItemGroup>
    <ClCompile Include="C:\Users\tgabo\Desktop\repos\MyVulkanEngine\Source.cpp">
      <Filter>Source Files</Filter>
    </ClCompile>
    <ClCompile Include="C:\Users\tgabo\Desktop\repos\MyVulkanEngine\first_app.cpp">
      <Filter>Source Files</Filter>
    </ClCompile>
    <ClCompile Include="C:\Users\tgabo\Desktop\repos\MyVulkanEngine\input_handler.cpp">
      <Filter>Source Files</Filter>
    </ClCompile>
    <ClCompile Include="C:\Users\tgabo\Desktop\repos\MyVulkanEngine\myve_camera.cpp">
      <Filter>Source Files</Filter>
    </ClCompile>
    <ClCompile Include="C:\Users\tgabo\Desktop\repos\MyVulkanEngine\myve_device.cpp">
      <Filter>Source Files</Filter>
    </ClCompile>
    <ClCompile Include="C:\Users\tgabo\Desktop\repos\MyVulkanEngine\myve_game_object.cpp">
      <Filter>Source Files</Filter>
    </ClCompile>
    <ClCompile Include="C:\Users\tgabo\Desktop\repos\MyVulkanEngine\myve_mesh_renderer.cpp">
      <Filter>Source Files</Filter>
    </ClCompile>
    <ClCompile Include="C:\Users\tgabo\Desktop\repos\MyVulkanEngine\myve_model.cpp">
      <Filter>Source Files</Filter>
    </ClCompile>
    <ClCompile Include="C:\Users\tgabo\Desktop\repos\MyVulkanEngine\myve_pipeline.cpp">
      <Filter>Source Files</Filter>
    </ClCompile>
    <ClCompile Include="C:\Users\tgabo\Desktop\repos\MyVulkanEngine\myve_renderer.cpp">
      <Filter>Source Files</Filter>
    </ClCompile>
    <ClCompile Include="C:\Users\tgabo\Desktop\repos\MyVulkanEngine\myve_resource_loader.cpp">
      <Filter>Source Files</Filter>
    </ClCompile>
    <ClCompile Include="C:\Users\tgabo\Desktop\repos\MyVulkanEngine\myve_scene.cpp">
      <Filter>Source Files</Filter>
    </ClCompile>
    <ClCompile Include="C:\Users\tgabo\Desktop\repos\MyVulkanEngine\myve_shader.cpp">
      <Filter>Source Files</Filter>
    </ClCompile>
    <ClCompile Include="C:\Users\tgabo\Desktop\repos\MyVulkanEngine\myve_simple_renderer.cpp">
      <Filter>Source Files</Filter>
    </ClCompile>
    <ClCompile Include="C:\Users\tgabo\Desktop\repos\MyVulkanEngine\myve_swapchain.cpp">
      <Filter>Source Files</Filter>
    </ClCompile>
    <ClCompile Include="C:\Users\tgabo\Desktop\repos\MyVulkanEngine\myve_texture.cpp">
      <Filter>Source Files</Filter>
    </ClCompile>
    <ClCompile Include="C:\Users\tgabo\Desktop\repos\MyVulkanEngine\myve_ubo.cpp">
      <Filter>Source Files</Filter>
    </ClCompile>
    <ClCompile Include="C:\Users\tgabo\Desktop\repos\MyVulkanEngine\myve_vbo.cpp">
      <Filter>Source Files</Filter>
    </ClCompile>
    <ClCompile Include="C:\Users\tgabo\Desktop\repos\MyVulkanEngine\myve_window.cpp">
      <Filter>Source Files</Filter>
    </ClCompile>
  </ItemGroup>
  <ItemGroup>
    <ClInclude Include="C:\Users\tgabo\Desktop\repos\MyVulkanEngine\first_app.hpp">
      <Filter>Header Files</Filter>
    </ClInclude>
    <ClInclude Include="C:\Users\tgabo\Desktop\repos\MyVulkanEngine\input_handler.hpp">
      <Filter>Header Files</Filter>
    </ClInclude>
    <ClInclude Include="C:\Users\tgabo\Desktop\repos\MyVulkanEngine\myve_camera.hpp">
      <Filter>Header Files</Filter>
    </ClInclude>
    <ClInclude Include="C:\Users\tgabo\Desktop\repos\MyVulkanEngine\myve_device.hpp">
      <Filter>Header Files</Filter>
    </ClInclude>
    <ClInclude Include="C:\Users\tgabo\Desktop\repos\MyVulkanEngine\myve_game_object.hpp">
      <Filter>Header Files</Filter>
    </ClInclude>
    <ClInclude Include="C:\Users\tgabo\Desktop\repos\MyVulkanEngine\myve_mesh_renderer.hpp">
      <Filter>Header Files</Filter>
    </ClInclude>
    <ClInclude Include="C:\Users\tgabo\Desktop\repos\MyVulkanEngine\myve_model.hpp">
      <Filter>Header Files</Filter>
    </ClInclude>
    <ClInclude Include="C:\Users\tgabo\Desktop\repos\MyVulkanEngine\myve_pipeline.hpp">
      <Filter>Header Files</Filter>
    </ClInclude>
    <ClInclude Include="C:\Users\tgabo\Desktop\repos\MyVulkanEngine\myve_renderer.hpp">
      <Filter>Header Files</Filter>
    </ClInclude>
    <ClInclude Include="C:\Users\tgabo\Desktop\repos\MyVulkanEngine\myve_resource_loader.hpp">
      <Filter>Header Files</Filter>
    </ClInclude>
    <ClInclude Include="C:\Users\tgabo\Desktop\repos\MyVulkanEngine\myve_scene.hpp">
      <Filter>Header Files</Filter>
    </ClInclude>
    <ClInclude Include="C:\Users\tgabo\Desktop\repos\MyVulkanEngine\myve_shader.hpp">
      <Filter>Header Files</Filter>
    </ClInclude>
    <ClInclude Include="C:\Users\tgabo\Desktop\repos\MyVulkanEngine\myve_simple_renderer.hpp">
      <Filter>Header Files</Filter>
    </ClInclude>
    <ClInclude Include="C:\Users\tgabo\Desktop\repos\MyVulkanEngine\myve_sprite_rednerer.hpp">
      <Filter>Header Files</Filter>
    </ClInclude>
    <ClInclude Include="C:\Users\tgabo\Desktop\repos\MyVulkanEngine\myve_swapchain.hpp">
      <Filter>Header Files</Filter>
    </ClInclude>
    <ClInclude Include="C:\Users\tgabo\Desktop\repos\MyVulkanEngine\myve_texture.hpp">
      <Filter>Header Files</Filter>
    </ClInclude>
    <ClInclude Include="C:\Users\tgabo\Desktop\repos\MyVulkanEngine\myve_ubo.hpp">
      <Filter>Header Files</Filter>
    </ClInclude>
    <ClInclude Include="C:\Users\tgabo\Desktop\repos\MyVulkanEngine\myve_vbo.hpp">
      <Filter>Header Files</Filter>
    </ClInclude>
    <ClInclude Include="C:\Users\tgabo\Desktop\repos\MyVulkanEngine\myve_vertex_data.hpp">
      <Filter>Header Files</Filter>
    </ClInclude>
    <ClInclude Include="C:\Users\tgabo\Desktop\repos\MyVulkanEngine\myve_window.hpp">
      <Filter>Header Files</Filter>
    </ClInclude>
  </ItemGroup>
  <ItemGroup>
    <CustomBuild Include="C:\Users\tgabo\Desktop\repos\MyVulkanEngine\CMakeLists.txt" />
  </ItemGroup>
  <ItemGroup>
    <Filter Include="Header Files">
      <UniqueIdentifier>{ECC3B5D8-0E2F-3A32-B937-212810B51FD0}</UniqueIdentifier>
    </Filter>
    <Filter Include="Source Files">
      <UniqueIdentifier>{A24FC310-B573-3014-8877-2F791F701928}</UniqueIdentifier>
    </Filter>
  </ItemGroup>
</Project>
